
Microsoft Visual Studio Solution File, Format Version 12.00
# Visual Studio Version 16
VisualStudioVersion = 16.0.29503.13
MinimumVisualStudioVersion = 10.0.40219.1
Project("{FAE04EC0-301F-11D3-BF4B-00C04F79EFBC}") = "CariHesaplama", "WindowsFormsApp1\CariHesaplama.csproj", "{29BBA96F-7A6E-4082-9EA7-793B3BB429B4}"
EndProject
Global
	GlobalSection(SolutionConfigurationPlatforms) = preSolution
		Debug|Any CPU = Debug|Any CPU
		Release|Any CPU = Release|Any CPU
	EndGlobalSection
	GlobalSection(ProjectConfigurationPlatforms) = postSolution
		{29BBA96F-7A6E-4082-9EA7-793B3BB429B4}.Debug|Any CPU.ActiveCfg = Debug|Any CPU
		{29BBA96F-7A6E-4082-9EA7-793B3BB429B4}.Debug|Any CPU.Build.0 = Debug|Any CPU
		{29BBA96F-7A6E-4082-9EA7-793B3BB429B4}.Release|Any CPU.ActiveCfg = Release|Any CPU
		{29BBA96F-7A6E-4082-9EA7-793B3BB429B4}.Release|Any CPU.Build.0 = Release|Any CPU
	EndGlobalSection
	GlobalSection(SolutionProperties) = preSolution
		HideSolutionNode = FALSE
	EndGlobalSection
	GlobalSection(ExtensibilityGlobals) = postSolution
		SolutionGuid = {B11CD736-1DE7-4DDA-ACE5-36AB00C988EC}
	EndGlobalSection
EndGlobal
